
Microsoft Visual Studio Solution File, Format Version 12.00
# Visual Studio Version 17
VisualStudioVersion = 17.6.33815.320
MinimumVisualStudioVersion = 10.0.40219.1
Project("{FAE04EC0-301F-11D3-BF4B-00C04F79EFBC}") = "SessiaOneZininaMatveeva", "SessiaOneZininaMatveeva\SessiaOneZininaMatveeva.csproj", "{7DE7BE99-3A01-4916-B9BC-BD52B20F2FA6}"
EndProject
Global
	GlobalSection(SolutionConfigurationPlatforms) = preSolution
		Debug|Any CPU = Debug|Any CPU
		Release|Any CPU = Release|Any CPU
	EndGlobalSection
	GlobalSection(ProjectConfigurationPlatforms) = postSolution
		{7DE7BE99-3A01-4916-B9BC-BD52B20F2FA6}.Debug|Any CPU.ActiveCfg = Debug|Any CPU
		{7DE7BE99-3A01-4916-B9BC-BD52B20F2FA6}.Debug|Any CPU.Build.0 = Debug|Any CPU
		{7DE7BE99-3A01-4916-B9BC-BD52B20F2FA6}.Release|Any CPU.ActiveCfg = Release|Any CPU
		{7DE7BE99-3A01-4916-B9BC-BD52B20F2FA6}.Release|Any CPU.Build.0 = Release|Any CPU
	EndGlobalSection
	GlobalSection(SolutionProperties) = preSolution
		HideSolutionNode = FALSE
	EndGlobalSection
	GlobalSection(ExtensibilityGlobals) = postSolution
		SolutionGuid = {2CF89618-B12D-4829-9F59-06DA41A7E1E8}
	EndGlobalSection
EndGlobal
